<?xml version="1.0" encoding="utf-8"?>
<Project ToolsVersion="4.0" xmlns="http://schemas.microsoft.com/developer/msbuild/2003">
  <ItemGroup>
    <Filter Include="Source Files">
      <UniqueIdentifier>{4FC737F1-C7A5-4376-A066-2A32D752A2FF}</UniqueIdentifier>
      <Extensions>cpp;c;cc;cxx;def;odl;idl;hpj;bat;asm;asmx</Extensions>
    </Filter>
    <Filter Include="Header Files">
      <UniqueIdentifier>{93995380-89BD-4b04-88EB-625FBE52EBFB}</UniqueIdentifier>
      <Extensions>h;hpp;hxx;hm;inl;inc;xsd</Extensions>
    </Filter>
    <Filter Include="Resource Files">
      <UniqueIdentifier>{67DA6AB6-F800-4c08-8B7A-83BB121AAD01}</UniqueIdentifier>
      <Extensions>rc;ico;cur;bmp;dlg;rc2;rct;bin;rgs;gif;jpg;jpeg;jpe;resx;tiff;tif;png;wav;mfcribbon-ms</Extensions>
    </Filter>
    <Filter Include="Source Files\Model">
      <UniqueIdentifier>{6dad73e2-b851-47d3-bbd7-8d41dfdd3247}</UniqueIdentifier>
    </Filter>
    <Filter Include="Header Files\Model">
      <UniqueIdentifier>{c82efa4f-873b-4724-a096-09191da59cae}</UniqueIdentifier>
    </Filter>
    <Filter Include="Source Files\App">
      <UniqueIdentifier>{69dd1f2e-b038-4c2f-b72e-d98072c6aadf}</UniqueIdentifier>
    </Filter>
    <Filter Include="Header Files\App">
      <UniqueIdentifier>{ba4efa62-e9f6-4320-b973-61857db59bc0}</UniqueIdentifier>
    </Filter>
    <Filter Include="Source Files\Entity">
      <UniqueIdentifier>{dd66d65e-81b8-42d1-a2a9-cd5bb8a29016}</UniqueIdentifier>
    </Filter>
    <Filter Include="Header Files\Entity">
      <UniqueIdentifier>{a266c9db-dde1-4347-8bdb-0d0d729677ab}</UniqueIdentifier>
    </Filter>
    <Filter Include="Source Files\Scene">
      <UniqueIdentifier>{a9367e2f-278c-4ba9-9aa8-8d15b12e7424}</UniqueIdentifier>
    </Filter>
    <Filter Include="Header Files\Scene">
      <UniqueIdentifier>{75397c87-3e7f-466e-917e-7be23e474554}</UniqueIdentifier>
    </Filter>
    <Filter Include="Header Files\Geometry">
      <UniqueIdentifier>{64723eb6-ace8-47d6-845b-6eca0563e1dc}</UniqueIdentifier>
    </Filter>
    <Filter Include="Other">
      <UniqueIdentifier>{e1865a90-8352-462c-8055-7a58bbfbeb92}</UniqueIdentifier>
    </Filter>
  </ItemGroup>
  <ItemGroup>
    <ClInclude Include="GEBase.h">
      <Filter>Header Files</Filter>
    </ClInclude>
    <ClInclude Include="LowLevelGraphics.h">
      <Filter>Header Files</Filter>
    </ClInclude>
    <ClInclude Include="GEShader.h">
      <Filter>Header Files</Filter>
    </ClInclude>
    <ClInclude Include="GEShaderProgram.h">
      <Filter>Header Files</Filter>
    </ClInclude>
    <ClInclude Include="GEClient.h">
      <Filter>Header Files</Filter>
    </ClInclude>
    <ClInclude Include="GETriangle.h">
      <Filter>Header Files</Filter>
    </ClInclude>
    <ClInclude Include="GEMathHelpers.h">
      <Filter>Header Files</Filter>
    </ClInclude>
    <ClInclude Include="EasyInput.h">
      <Filter>Header Files</Filter>
    </ClInclude>
    <ClInclude Include="GEModelData.h">
      <Filter>Header Files\Model</Filter>
    </ClInclude>
    <ClInclude Include="GEModelLoader.h">
      <Filter>Header Files\Model</Filter>
    </ClInclude>
    <ClInclude Include="GEMeshData.h">
      <Filter>Header Files\Model</Filter>
    </ClInclude>
    <ClInclude Include="GEApp.h">
      <Filter>Header Files\App</Filter>
    </ClInclude>
    <ClInclude Include="GEConsole.h">
      <Filter>Header Files\App</Filter>
    </ClInclude>
    <ClInclude Include="GERenderer.h">
      <Filter>Header Files\App</Filter>
    </ClInclude>
    <ClInclude Include="GEContext.h">
      <Filter>Header Files\App</Filter>
    </ClInclude>
    <ClInclude Include="GEWorld.h">
      <Filter>Header Files\App</Filter>
    </ClInclude>
    <ClInclude Include="GEEntityCamera.h">
      <Filter>Header Files\Entity</Filter>
    </ClInclude>
    <ClInclude Include="GEEntity.h">
      <Filter>Header Files\Entity</Filter>
    </ClInclude>
    <ClInclude Include="GEEntityRenderable.h">
      <Filter>Header Files\Entity</Filter>
    </ClInclude>
    <ClInclude Include="GEEntityRigidBody.h">
      <Filter>Header Files\Entity</Filter>
    </ClInclude>
    <ClInclude Include="GENetworkManager.h">
      <Filter>Header Files\App</Filter>
    </ClInclude>
    <ClInclude Include="GEPhysicsHeaders.h">
      <Filter>Header Files</Filter>
    </ClInclude>
    <ClInclude Include="GESceneGraph.h">
      <Filter>Header Files\Scene</Filter>
    </ClInclude>
    <ClInclude Include="GEOctNode.h">
      <Filter>Header Files\Scene</Filter>
    </ClInclude>
    <ClInclude Include="GEAABB.h">
      <Filter>Header Files\Geometry</Filter>
    </ClInclude>
  </ItemGroup>
  <ItemGroup>
    <ClCompile Include="GEBase.cpp">
      <Filter>Source Files</Filter>
    </ClCompile>
    <ClCompile Include="main.cpp">
      <Filter>Source Files</Filter>
    </ClCompile>
    <ClCompile Include="GEShader.cpp">
      <Filter>Source Files</Filter>
    </ClCompile>
    <ClCompile Include="GEShaderProgram.cpp">
      <Filter>Source Files</Filter>
    </ClCompile>
    <ClCompile Include="GEClient.cpp">
      <Filter>Source Files</Filter>
    </ClCompile>
    <ClCompile Include="EasyInput.cpp">
      <Filter>Source Files</Filter>
    </ClCompile>
    <ClCompile Include="GEModelData.cpp">
      <Filter>Source Files\Model</Filter>
    </ClCompile>
    <ClCompile Include="GEModelLoader.cpp">
      <Filter>Source Files\Model</Filter>
    </ClCompile>
    <ClCompile Include="GEMeshData.cpp">
      <Filter>Source Files\Model</Filter>
    </ClCompile>
    <ClCompile Include="GEApp.cpp">
      <Filter>Source Files\App</Filter>
    </ClCompile>
    <ClCompile Include="GEConsole.cpp">
      <Filter>Source Files\App</Filter>
    </ClCompile>
    <ClCompile Include="GEContext.cpp">
      <Filter>Source Files\App</Filter>
    </ClCompile>
    <ClCompile Include="GERenderer.cpp">
      <Filter>Source Files\App</Filter>
    </ClCompile>
    <ClCompile Include="GEWorld.cpp">
      <Filter>Source Files\App</Filter>
    </ClCompile>
    <ClCompile Include="GEEntity.cpp">
      <Filter>Source Files\Entity</Filter>
    </ClCompile>
    <ClCompile Include="GEEntityCamera.cpp">
      <Filter>Source Files\Entity</Filter>
    </ClCompile>
    <ClCompile Include="GEEntityRenderable.cpp">
      <Filter>Source Files\Entity</Filter>
    </ClCompile>
    <ClCompile Include="GEEntityRigidBody.cpp">
      <Filter>Source Files\Entity</Filter>
    </ClCompile>
    <ClCompile Include="GEMathHelpers.cpp">
      <Filter>Source Files</Filter>
    </ClCompile>
    <ClCompile Include="GENetworkManager.cpp">
      <Filter>Source Files\App</Filter>
    </ClCompile>
    <ClCompile Include="GESceneGraph.cpp">
      <Filter>Source Files\Scene</Filter>
    </ClCompile>
    <ClCompile Include="GEOctNode.cpp">
      <Filter>Source Files\Scene</Filter>
    </ClCompile>
    <ClCompile Include="GEAABB.cpp">
      <Filter>Source Files</Filter>
    </ClCompile>
  </ItemGroup>
  <ItemGroup>
    <None Include="vertShader.shad" />
    <None Include="fragShader.shad" />
  </ItemGroup>
  <ItemGroup>
    <Text Include="RoadMap.txt">
      <Filter>Other</Filter>
    </Text>
  </ItemGroup>
</Project>